
Microsoft Visual Studio Solution File, Format Version 12.00
# Visual Studio Version 17
VisualStudioVersion = 17.3.32929.385
MinimumVisualStudioVersion = 10.0.40219.1
Project("{FAE04EC0-301F-11D3-BF4B-00C04F79EFBC}") = "CalculateCube", "CalculateCube\CalculateCube.csproj", "{39B4F78F-515F-4AC7-ACB0-10967AD1BBF3}"
EndProject
Global
	GlobalSection(SolutionConfigurationPlatforms) = preSolution
		Debug|Any CPU = Debug|Any CPU
		Release|Any CPU = Release|Any CPU
	EndGlobalSection
	GlobalSection(ProjectConfigurationPlatforms) = postSolution
		{39B4F78F-515F-4AC7-ACB0-10967AD1BBF3}.Debug|Any CPU.ActiveCfg = Debug|Any CPU
		{39B4F78F-515F-4AC7-ACB0-10967AD1BBF3}.Debug|Any CPU.Build.0 = Debug|Any CPU
		{39B4F78F-515F-4AC7-ACB0-10967AD1BBF3}.Release|Any CPU.ActiveCfg = Release|Any CPU
		{39B4F78F-515F-4AC7-ACB0-10967AD1BBF3}.Release|Any CPU.Build.0 = Release|Any CPU
	EndGlobalSection
	GlobalSection(SolutionProperties) = preSolution
		HideSolutionNode = FALSE
	EndGlobalSection
	GlobalSection(ExtensibilityGlobals) = postSolution
		SolutionGuid = {E6EC6D68-4336-4E1F-965D-72D219CA72FB}
	EndGlobalSection
EndGlobal
