
Microsoft Visual Studio Solution File, Format Version 12.00
# Visual Studio Version 17
VisualStudioVersion = 17.3.32929.385
MinimumVisualStudioVersion = 10.0.40219.1
Project("{FAE04EC0-301F-11D3-BF4B-00C04F79EFBC}") = "OperatorOverlodingEx2", "OperatorOverlodingEx2\OperatorOverlodingEx2.csproj", "{53A68233-8564-4EB4-921E-90D8DF6E4722}"
EndProject
Global
	GlobalSection(SolutionConfigurationPlatforms) = preSolution
		Debug|Any CPU = Debug|Any CPU
		Release|Any CPU = Release|Any CPU
	EndGlobalSection
	GlobalSection(ProjectConfigurationPlatforms) = postSolution
		{53A68233-8564-4EB4-921E-90D8DF6E4722}.Debug|Any CPU.ActiveCfg = Debug|Any CPU
		{53A68233-8564-4EB4-921E-90D8DF6E4722}.Debug|Any CPU.Build.0 = Debug|Any CPU
		{53A68233-8564-4EB4-921E-90D8DF6E4722}.Release|Any CPU.ActiveCfg = Release|Any CPU
		{53A68233-8564-4EB4-921E-90D8DF6E4722}.Release|Any CPU.Build.0 = Release|Any CPU
	EndGlobalSection
	GlobalSection(SolutionProperties) = preSolution
		HideSolutionNode = FALSE
	EndGlobalSection
	GlobalSection(ExtensibilityGlobals) = postSolution
		SolutionGuid = {38CCCBEA-5846-4CD3-9573-93F36B4DE74F}
	EndGlobalSection
EndGlobal
