
Microsoft Visual Studio Solution File, Format Version 12.00
# Visual Studio Version 17
VisualStudioVersion = 17.3.32929.385
MinimumVisualStudioVersion = 10.0.40219.1
Project("{FAE04EC0-301F-11D3-BF4B-00C04F79EFBC}") = "MethodOverloadingEx1", "MethodOverloadingEx1\MethodOverloadingEx1.csproj", "{832CA876-177C-4BEB-839A-B0BFE2D4659E}"
EndProject
Global
	GlobalSection(SolutionConfigurationPlatforms) = preSolution
		Debug|Any CPU = Debug|Any CPU
		Release|Any CPU = Release|Any CPU
	EndGlobalSection
	GlobalSection(ProjectConfigurationPlatforms) = postSolution
		{832CA876-177C-4BEB-839A-B0BFE2D4659E}.Debug|Any CPU.ActiveCfg = Debug|Any CPU
		{832CA876-177C-4BEB-839A-B0BFE2D4659E}.Debug|Any CPU.Build.0 = Debug|Any CPU
		{832CA876-177C-4BEB-839A-B0BFE2D4659E}.Release|Any CPU.ActiveCfg = Release|Any CPU
		{832CA876-177C-4BEB-839A-B0BFE2D4659E}.Release|Any CPU.Build.0 = Release|Any CPU
	EndGlobalSection
	GlobalSection(SolutionProperties) = preSolution
		HideSolutionNode = FALSE
	EndGlobalSection
	GlobalSection(ExtensibilityGlobals) = postSolution
		SolutionGuid = {002954F9-A7BD-417A-8D8C-6103A5C53D92}
	EndGlobalSection
EndGlobal
