
Microsoft Visual Studio Solution File, Format Version 12.00
# Visual Studio Version 17
VisualStudioVersion = 17.3.32929.385
MinimumVisualStudioVersion = 10.0.40219.1
Project("{FAE04EC0-301F-11D3-BF4B-00C04F79EFBC}") = "EvenOdd", "EvenOdd\EvenOdd.csproj", "{CC6B6508-9A66-4CB2-951E-57861BC7B1E9}"
EndProject
Global
	GlobalSection(SolutionConfigurationPlatforms) = preSolution
		Debug|Any CPU = Debug|Any CPU
		Release|Any CPU = Release|Any CPU
	EndGlobalSection
	GlobalSection(ProjectConfigurationPlatforms) = postSolution
		{CC6B6508-9A66-4CB2-951E-57861BC7B1E9}.Debug|Any CPU.ActiveCfg = Debug|Any CPU
		{CC6B6508-9A66-4CB2-951E-57861BC7B1E9}.Debug|Any CPU.Build.0 = Debug|Any CPU
		{CC6B6508-9A66-4CB2-951E-57861BC7B1E9}.Release|Any CPU.ActiveCfg = Release|Any CPU
		{CC6B6508-9A66-4CB2-951E-57861BC7B1E9}.Release|Any CPU.Build.0 = Release|Any CPU
	EndGlobalSection
	GlobalSection(SolutionProperties) = preSolution
		HideSolutionNode = FALSE
	EndGlobalSection
	GlobalSection(ExtensibilityGlobals) = postSolution
		SolutionGuid = {EE87FD72-9A4F-4A0D-85BD-4F7D9287F36A}
	EndGlobalSection
EndGlobal
