
Microsoft Visual Studio Solution File, Format Version 12.00
# Visual Studio Version 17
VisualStudioVersion = 17.3.32929.385
MinimumVisualStudioVersion = 10.0.40219.1
Project("{FAE04EC0-301F-11D3-BF4B-00C04F79EFBC}") = "ArrayEx3", "ArrayEx3\ArrayEx3.csproj", "{F3ACFDBA-9405-4D69-86CE-02B02DE8CC97}"
EndProject
Global
	GlobalSection(SolutionConfigurationPlatforms) = preSolution
		Debug|Any CPU = Debug|Any CPU
		Release|Any CPU = Release|Any CPU
	EndGlobalSection
	GlobalSection(ProjectConfigurationPlatforms) = postSolution
		{F3ACFDBA-9405-4D69-86CE-02B02DE8CC97}.Debug|Any CPU.ActiveCfg = Debug|Any CPU
		{F3ACFDBA-9405-4D69-86CE-02B02DE8CC97}.Debug|Any CPU.Build.0 = Debug|Any CPU
		{F3ACFDBA-9405-4D69-86CE-02B02DE8CC97}.Release|Any CPU.ActiveCfg = Release|Any CPU
		{F3ACFDBA-9405-4D69-86CE-02B02DE8CC97}.Release|Any CPU.Build.0 = Release|Any CPU
	EndGlobalSection
	GlobalSection(SolutionProperties) = preSolution
		HideSolutionNode = FALSE
	EndGlobalSection
	GlobalSection(ExtensibilityGlobals) = postSolution
		SolutionGuid = {2861532C-EC0F-4797-8B83-CDF4378E6499}
	EndGlobalSection
EndGlobal
