
Microsoft Visual Studio Solution File, Format Version 12.00
# Visual Studio Version 17
VisualStudioVersion = 17.3.32929.385
MinimumVisualStudioVersion = 10.0.40219.1
Project("{FAE04EC0-301F-11D3-BF4B-00C04F79EFBC}") = "StaticConstructor", "StaticConstructor\StaticConstructor.csproj", "{B11276D2-5F8C-4F36-A86E-EEEF4AFC90B1}"
EndProject
Global
	GlobalSection(SolutionConfigurationPlatforms) = preSolution
		Debug|Any CPU = Debug|Any CPU
		Release|Any CPU = Release|Any CPU
	EndGlobalSection
	GlobalSection(ProjectConfigurationPlatforms) = postSolution
		{B11276D2-5F8C-4F36-A86E-EEEF4AFC90B1}.Debug|Any CPU.ActiveCfg = Debug|Any CPU
		{B11276D2-5F8C-4F36-A86E-EEEF4AFC90B1}.Debug|Any CPU.Build.0 = Debug|Any CPU
		{B11276D2-5F8C-4F36-A86E-EEEF4AFC90B1}.Release|Any CPU.ActiveCfg = Release|Any CPU
		{B11276D2-5F8C-4F36-A86E-EEEF4AFC90B1}.Release|Any CPU.Build.0 = Release|Any CPU
	EndGlobalSection
	GlobalSection(SolutionProperties) = preSolution
		HideSolutionNode = FALSE
	EndGlobalSection
	GlobalSection(ExtensibilityGlobals) = postSolution
		SolutionGuid = {AF187562-6463-407C-A3F0-97043F919614}
	EndGlobalSection
EndGlobal
