
Microsoft Visual Studio Solution File, Format Version 12.00
# Visual Studio Version 17
VisualStudioVersion = 17.3.32929.385
MinimumVisualStudioVersion = 10.0.40219.1
Project("{FAE04EC0-301F-11D3-BF4B-00C04F79EFBC}") = "PatternEx5", "PatternEx5\PatternEx5.csproj", "{74BCEAAE-D2A0-413F-8CC9-54D603D2975E}"
EndProject
Global
	GlobalSection(SolutionConfigurationPlatforms) = preSolution
		Debug|Any CPU = Debug|Any CPU
		Release|Any CPU = Release|Any CPU
	EndGlobalSection
	GlobalSection(ProjectConfigurationPlatforms) = postSolution
		{74BCEAAE-D2A0-413F-8CC9-54D603D2975E}.Debug|Any CPU.ActiveCfg = Debug|Any CPU
		{74BCEAAE-D2A0-413F-8CC9-54D603D2975E}.Debug|Any CPU.Build.0 = Debug|Any CPU
		{74BCEAAE-D2A0-413F-8CC9-54D603D2975E}.Release|Any CPU.ActiveCfg = Release|Any CPU
		{74BCEAAE-D2A0-413F-8CC9-54D603D2975E}.Release|Any CPU.Build.0 = Release|Any CPU
	EndGlobalSection
	GlobalSection(SolutionProperties) = preSolution
		HideSolutionNode = FALSE
	EndGlobalSection
	GlobalSection(ExtensibilityGlobals) = postSolution
		SolutionGuid = {18DF194A-DE84-48BC-BC8D-506C1D08E92B}
	EndGlobalSection
EndGlobal
