
Microsoft Visual Studio Solution File, Format Version 12.00
# Visual Studio Version 17
VisualStudioVersion = 17.3.32929.385
MinimumVisualStudioVersion = 10.0.40219.1
Project("{FAE04EC0-301F-11D3-BF4B-00C04F79EFBC}") = "PatternEx2", "PatternEx2\PatternEx2.csproj", "{822C3A19-97EB-42EF-9FEA-DB7255658FDE}"
EndProject
Global
	GlobalSection(SolutionConfigurationPlatforms) = preSolution
		Debug|Any CPU = Debug|Any CPU
		Release|Any CPU = Release|Any CPU
	EndGlobalSection
	GlobalSection(ProjectConfigurationPlatforms) = postSolution
		{822C3A19-97EB-42EF-9FEA-DB7255658FDE}.Debug|Any CPU.ActiveCfg = Debug|Any CPU
		{822C3A19-97EB-42EF-9FEA-DB7255658FDE}.Debug|Any CPU.Build.0 = Debug|Any CPU
		{822C3A19-97EB-42EF-9FEA-DB7255658FDE}.Release|Any CPU.ActiveCfg = Release|Any CPU
		{822C3A19-97EB-42EF-9FEA-DB7255658FDE}.Release|Any CPU.Build.0 = Release|Any CPU
	EndGlobalSection
	GlobalSection(SolutionProperties) = preSolution
		HideSolutionNode = FALSE
	EndGlobalSection
	GlobalSection(ExtensibilityGlobals) = postSolution
		SolutionGuid = {DE272BF8-7177-41C8-B181-3AF350CBBCF8}
	EndGlobalSection
EndGlobal
