
Microsoft Visual Studio Solution File, Format Version 12.00
# Visual Studio Version 17
VisualStudioVersion = 17.3.32929.385
MinimumVisualStudioVersion = 10.0.40219.1
Project("{FAE04EC0-301F-11D3-BF4B-00C04F79EFBC}") = "MethodOverloadingEx2", "MethodOverloadingEx2\MethodOverloadingEx2.csproj", "{1FBD691D-2928-4CA3-8056-0E5A074440BE}"
EndProject
Global
	GlobalSection(SolutionConfigurationPlatforms) = preSolution
		Debug|Any CPU = Debug|Any CPU
		Release|Any CPU = Release|Any CPU
	EndGlobalSection
	GlobalSection(ProjectConfigurationPlatforms) = postSolution
		{1FBD691D-2928-4CA3-8056-0E5A074440BE}.Debug|Any CPU.ActiveCfg = Debug|Any CPU
		{1FBD691D-2928-4CA3-8056-0E5A074440BE}.Debug|Any CPU.Build.0 = Debug|Any CPU
		{1FBD691D-2928-4CA3-8056-0E5A074440BE}.Release|Any CPU.ActiveCfg = Release|Any CPU
		{1FBD691D-2928-4CA3-8056-0E5A074440BE}.Release|Any CPU.Build.0 = Release|Any CPU
	EndGlobalSection
	GlobalSection(SolutionProperties) = preSolution
		HideSolutionNode = FALSE
	EndGlobalSection
	GlobalSection(ExtensibilityGlobals) = postSolution
		SolutionGuid = {C8E315A3-7B02-4983-AE54-0E9D2752C15E}
	EndGlobalSection
EndGlobal
